
Microsoft Visual Studio Solution File, Format Version 12.00
# Visual Studio Version 16
VisualStudioVersion = 16.0.28902.138
MinimumVisualStudioVersion = 10.0.40219.1
Project("{9A19103F-16F7-4668-BE54-9A1E7A4F7556}") = "inklecate-wasm", "inklecate-wasm.csproj", "{FA924853-2DAA-466A-A85A-9971699636CA}"
	ProjectSection(ProjectDependencies) = postProject
		{D10ED1A8-CF83-4E58-B505-3714B3A16215} = {D10ED1A8-CF83-4E58-B505-3714B3A16215}
		{F68D0EE2-1831-4A06-8FFA-CBD0315EFD0E} = {F68D0EE2-1831-4A06-8FFA-CBD0315EFD0E}
	EndProjectSection
EndProject
Project("{FAE04EC0-301F-11D3-BF4B-00C04F79EFBC}") = "ink-engine-runtime", "..\ink\ink-engine-runtime\ink-engine-runtime.csproj", "{F68D0EE2-1831-4A06-8FFA-CBD0315EFD0E}"
EndProject
Project("{FAE04EC0-301F-11D3-BF4B-00C04F79EFBC}") = "inklecate", "..\ink\inklecate\inklecate.csproj", "{D10ED1A8-CF83-4E58-B505-3714B3A16215}"
EndProject
Project("{FAE04EC0-301F-11D3-BF4B-00C04F79EFBC}") = "ink_compiler", "..\ink\compiler\ink_compiler.csproj", "{52E3F3D0-2702-44E5-82F5-783B82647CA5}"
EndProject
Global
	GlobalSection(SolutionConfigurationPlatforms) = preSolution
		Debug|Any CPU = Debug|Any CPU
		Debug|x86 = Debug|x86
		Release|Any CPU = Release|Any CPU
		Release|x86 = Release|x86
	EndGlobalSection
	GlobalSection(ProjectConfigurationPlatforms) = postSolution
		{FA924853-2DAA-466A-A85A-9971699636CA}.Debug|Any CPU.ActiveCfg = Debug|Any CPU
		{FA924853-2DAA-466A-A85A-9971699636CA}.Debug|Any CPU.Build.0 = Debug|Any CPU
		{FA924853-2DAA-466A-A85A-9971699636CA}.Debug|x86.ActiveCfg = Debug|Any CPU
		{FA924853-2DAA-466A-A85A-9971699636CA}.Debug|x86.Build.0 = Debug|Any CPU
		{FA924853-2DAA-466A-A85A-9971699636CA}.Release|Any CPU.ActiveCfg = Release|Any CPU
		{FA924853-2DAA-466A-A85A-9971699636CA}.Release|Any CPU.Build.0 = Release|Any CPU
		{FA924853-2DAA-466A-A85A-9971699636CA}.Release|x86.ActiveCfg = Release|Any CPU
		{FA924853-2DAA-466A-A85A-9971699636CA}.Release|x86.Build.0 = Release|Any CPU
		{F68D0EE2-1831-4A06-8FFA-CBD0315EFD0E}.Debug|Any CPU.ActiveCfg = Debug|Any CPU
		{F68D0EE2-1831-4A06-8FFA-CBD0315EFD0E}.Debug|Any CPU.Build.0 = Debug|Any CPU
		{F68D0EE2-1831-4A06-8FFA-CBD0315EFD0E}.Debug|x86.ActiveCfg = Debug|Any CPU
		{F68D0EE2-1831-4A06-8FFA-CBD0315EFD0E}.Debug|x86.Build.0 = Debug|Any CPU
		{F68D0EE2-1831-4A06-8FFA-CBD0315EFD0E}.Release|Any CPU.ActiveCfg = Release|Any CPU
		{F68D0EE2-1831-4A06-8FFA-CBD0315EFD0E}.Release|Any CPU.Build.0 = Release|Any CPU
		{F68D0EE2-1831-4A06-8FFA-CBD0315EFD0E}.Release|x86.ActiveCfg = Release|Any CPU
		{F68D0EE2-1831-4A06-8FFA-CBD0315EFD0E}.Release|x86.Build.0 = Release|Any CPU
		{D10ED1A8-CF83-4E58-B505-3714B3A16215}.Debug|Any CPU.ActiveCfg = Debug|x86
		{D10ED1A8-CF83-4E58-B505-3714B3A16215}.Debug|x86.ActiveCfg = Debug|x86
		{D10ED1A8-CF83-4E58-B505-3714B3A16215}.Debug|x86.Build.0 = Debug|x86
		{D10ED1A8-CF83-4E58-B505-3714B3A16215}.Release|Any CPU.ActiveCfg = Release|x86
		{D10ED1A8-CF83-4E58-B505-3714B3A16215}.Release|x86.ActiveCfg = Release|x86
		{D10ED1A8-CF83-4E58-B505-3714B3A16215}.Release|x86.Build.0 = Release|x86
		{52E3F3D0-2702-44E5-82F5-783B82647CA5}.Debug|Any CPU.ActiveCfg = Debug|Any CPU
		{52E3F3D0-2702-44E5-82F5-783B82647CA5}.Debug|Any CPU.Build.0 = Debug|Any CPU
		{52E3F3D0-2702-44E5-82F5-783B82647CA5}.Debug|x86.ActiveCfg = Debug|Any CPU
		{52E3F3D0-2702-44E5-82F5-783B82647CA5}.Debug|x86.Build.0 = Debug|Any CPU
		{52E3F3D0-2702-44E5-82F5-783B82647CA5}.Release|Any CPU.ActiveCfg = Release|Any CPU
		{52E3F3D0-2702-44E5-82F5-783B82647CA5}.Release|Any CPU.Build.0 = Release|Any CPU
		{52E3F3D0-2702-44E5-82F5-783B82647CA5}.Release|x86.ActiveCfg = Release|Any CPU
		{52E3F3D0-2702-44E5-82F5-783B82647CA5}.Release|x86.Build.0 = Release|Any CPU
	EndGlobalSection
	GlobalSection(SolutionProperties) = preSolution
		HideSolutionNode = FALSE
	EndGlobalSection
	GlobalSection(ExtensibilityGlobals) = postSolution
		SolutionGuid = {056DE466-8FA2-419E-AA5E-AE02FE71991E}
	EndGlobalSection
EndGlobal
